
Microsoft Visual Studio Solution File, Format Version 12.00
# Visual Studio 2017
Project("{FAE04EC0-301F-11D3-BF4B-00C04F79EFBC}") = "BiM_Lab6_v3", "BiM_Lab6_v3.csproj", "{6184DF8B-73D3-696E-2541-C49B5E8BDB12}"
EndProject
Project("{FAE04EC0-301F-11D3-BF4B-00C04F79EFBC}") = "BiM_Lab6_v3.Editor", "BiM_Lab6_v3.Editor.csproj", "{01C7FC44-890D-DF13-E7D0-5117A4117A97}"
EndProject
Global
	GlobalSection(SolutionConfigurationPlatforms) = preSolution
		Debug|Any CPU = Debug|Any CPU
		Release|Any CPU = Release|Any CPU
	EndGlobalSection
	GlobalSection(ProjectConfigurationPlatforms) = postSolution
		{6184DF8B-73D3-696E-2541-C49B5E8BDB12}.Debug|Any CPU.ActiveCfg = Debug|Any CPU
		{6184DF8B-73D3-696E-2541-C49B5E8BDB12}.Debug|Any CPU.Build.0 = Debug|Any CPU
		{6184DF8B-73D3-696E-2541-C49B5E8BDB12}.Release|Any CPU.ActiveCfg = Release|Any CPU
		{6184DF8B-73D3-696E-2541-C49B5E8BDB12}.Release|Any CPU.Build.0 = Release|Any CPU
		{01C7FC44-890D-DF13-E7D0-5117A4117A97}.Debug|Any CPU.ActiveCfg = Debug|Any CPU
		{01C7FC44-890D-DF13-E7D0-5117A4117A97}.Debug|Any CPU.Build.0 = Debug|Any CPU
		{01C7FC44-890D-DF13-E7D0-5117A4117A97}.Release|Any CPU.ActiveCfg = Release|Any CPU
		{01C7FC44-890D-DF13-E7D0-5117A4117A97}.Release|Any CPU.Build.0 = Release|Any CPU
	EndGlobalSection
	GlobalSection(SolutionProperties) = preSolution
		HideSolutionNode = FALSE
	EndGlobalSection
EndGlobal
